
Microsoft Visual Studio Solution File, Format Version 12.00
# Visual Studio Version 17
VisualStudioVersion = 17.5.33414.496
MinimumVisualStudioVersion = 10.0.40219.1
Project("{FAE04EC0-301F-11D3-BF4B-00C04F79EFBC}") = "BookingUX", "BookingUX.csproj", "{E5E00585-DCB4-4381-925D-1B9AFC1C0575}"
EndProject
Project("{FAE04EC0-301F-11D3-BF4B-00C04F79EFBC}") = "BookingUI", "..\..\Перенос в одну сборку\BookingUI\BookingUI.csproj", "{3090FDD5-58AC-477A-A216-8562F56A150C}"
EndProject
Global
	GlobalSection(SolutionConfigurationPlatforms) = preSolution
		Debug|Any CPU = Debug|Any CPU
		Release|Any CPU = Release|Any CPU
	EndGlobalSection
	GlobalSection(ProjectConfigurationPlatforms) = postSolution
		{E5E00585-DCB4-4381-925D-1B9AFC1C0575}.Debug|Any CPU.ActiveCfg = Debug|Any CPU
		{E5E00585-DCB4-4381-925D-1B9AFC1C0575}.Debug|Any CPU.Build.0 = Debug|Any CPU
		{E5E00585-DCB4-4381-925D-1B9AFC1C0575}.Release|Any CPU.ActiveCfg = Release|Any CPU
		{E5E00585-DCB4-4381-925D-1B9AFC1C0575}.Release|Any CPU.Build.0 = Release|Any CPU
		{3090FDD5-58AC-477A-A216-8562F56A150C}.Debug|Any CPU.ActiveCfg = Debug|Any CPU
		{3090FDD5-58AC-477A-A216-8562F56A150C}.Debug|Any CPU.Build.0 = Debug|Any CPU
		{3090FDD5-58AC-477A-A216-8562F56A150C}.Release|Any CPU.ActiveCfg = Release|Any CPU
		{3090FDD5-58AC-477A-A216-8562F56A150C}.Release|Any CPU.Build.0 = Release|Any CPU
	EndGlobalSection
	GlobalSection(SolutionProperties) = preSolution
		HideSolutionNode = FALSE
	EndGlobalSection
	GlobalSection(ExtensibilityGlobals) = postSolution
		SolutionGuid = {683C0992-503F-4115-BDF4-B0B53CAB0D8E}
	EndGlobalSection
EndGlobal
